
Microsoft Visual Studio Solution File, Format Version 12.00
# Visual Studio 15
VisualStudioVersion = 15.0.28307.572
MinimumVisualStudioVersion = 10.0.40219.1
Project("{FAE04EC0-301F-11D3-BF4B-00C04F79EFBC}") = "task", "task\task.csproj", "{BC3520C1-EFAC-42EF-894C-B3ABEF9D4BE2}"
EndProject
Global
	GlobalSection(SolutionConfigurationPlatforms) = preSolution
		Debug|Any CPU = Debug|Any CPU
		Release|Any CPU = Release|Any CPU
	EndGlobalSection
	GlobalSection(ProjectConfigurationPlatforms) = postSolution
		{BC3520C1-EFAC-42EF-894C-B3ABEF9D4BE2}.Debug|Any CPU.ActiveCfg = Debug|Any CPU
		{BC3520C1-EFAC-42EF-894C-B3ABEF9D4BE2}.Debug|Any CPU.Build.0 = Debug|Any CPU
		{BC3520C1-EFAC-42EF-894C-B3ABEF9D4BE2}.Release|Any CPU.ActiveCfg = Release|Any CPU
		{BC3520C1-EFAC-42EF-894C-B3ABEF9D4BE2}.Release|Any CPU.Build.0 = Release|Any CPU
	EndGlobalSection
	GlobalSection(SolutionProperties) = preSolution
		HideSolutionNode = FALSE
	EndGlobalSection
	GlobalSection(ExtensibilityGlobals) = postSolution
		SolutionGuid = {EA39A016-859C-4A3C-AF14-B87AB091AB3A}
	EndGlobalSection
EndGlobal
